// !$*UTF8*$!
{
	archiveVersion = 1;
	classes = {
	};
	objectVersion = 50;
	objects = {

/* Begin PBXBuildFile section */
		283E1639225752D0006EFDA3 /* CCQCommonMacro.swift in Sources */ = {isa = PBXBuildFile; fileRef = 283E1638225752D0006EFDA3 /* CCQCommonMacro.swift */; };
		283E163C2258332C006EFDA3 /* CCQPersonalCenterVC.swift in Sources */ = {isa = PBXBuildFile; fileRef = 283E163B2258332C006EFDA3 /* CCQPersonalCenterVC.swift */; };
		283E163F22583BDB006EFDA3 /* CCQPersonalCenterHeaderView.swift in Sources */ = {isa = PBXBuildFile; fileRef = 283E163E22583BDB006EFDA3 /* CCQPersonalCenterHeaderView.swift */; };
		283E164122583BEA006EFDA3 /* CCQPersonalCenterHeaderView.xib in Resources */ = {isa = PBXBuildFile; fileRef = 283E164022583BEA006EFDA3 /* CCQPersonalCenterHeaderView.xib */; };
		283E164622584A80006EFDA3 /* CCQPersonalCenterCell.swift in Sources */ = {isa = PBXBuildFile; fileRef = 283E164422584A80006EFDA3 /* CCQPersonalCenterCell.swift */; };
		283E164722584A80006EFDA3 /* CCQPersonalCenterCell.xib in Resources */ = {isa = PBXBuildFile; fileRef = 283E164522584A80006EFDA3 /* CCQPersonalCenterCell.xib */; };
		283E164A22597C46006EFDA3 /* CCQUser.swift in Sources */ = {isa = PBXBuildFile; fileRef = 283E164922597C46006EFDA3 /* CCQUser.swift */; };
		283E164E2259896D006EFDA3 /* CCQLoginVC.swift in Sources */ = {isa = PBXBuildFile; fileRef = 283E164C2259896D006EFDA3 /* CCQLoginVC.swift */; };
		283E164F2259896D006EFDA3 /* CCQLoginVC.xib in Resources */ = {isa = PBXBuildFile; fileRef = 283E164D2259896D006EFDA3 /* CCQLoginVC.xib */; };
		283E165322599889006EFDA3 /* CCQRegisterVC.swift in Sources */ = {isa = PBXBuildFile; fileRef = 283E165122599889006EFDA3 /* CCQRegisterVC.swift */; };
		283E165422599889006EFDA3 /* CCQRegisterVC.xib in Resources */ = {isa = PBXBuildFile; fileRef = 283E165222599889006EFDA3 /* CCQRegisterVC.xib */; };
		283E1657225A13B7006EFDA3 /* CCQSystemAlertView.m in Sources */ = {isa = PBXBuildFile; fileRef = 283E1655225A13B7006EFDA3 /* CCQSystemAlertView.m */; };
		283E1659225A21C1006EFDA3 /* CCQWKWebView.swift in Sources */ = {isa = PBXBuildFile; fileRef = 283E1658225A21C0006EFDA3 /* CCQWKWebView.swift */; };
		283E165C225B1EA2006EFDA3 /* yinsizhengce.html in Resources */ = {isa = PBXBuildFile; fileRef = 283E165B225B1EA2006EFDA3 /* yinsizhengce.html */; };
		2878826B225C61EF0057E003 /* CCQVideoListCell.swift in Sources */ = {isa = PBXBuildFile; fileRef = 28788269225C61EF0057E003 /* CCQVideoListCell.swift */; };
		2878826C225C61EF0057E003 /* CCQVideoListCell.xib in Resources */ = {isa = PBXBuildFile; fileRef = 2878826A225C61EF0057E003 /* CCQVideoListCell.xib */; };
		2891DF24224F0DDC00C2F048 /* CCQHttpRequestManager.swift in Sources */ = {isa = PBXBuildFile; fileRef = 2891DF23224F0DDC00C2F048 /* CCQHttpRequestManager.swift */; };
		2891DF26224F18CA00C2F048 /* CCQURLSessionDataTask.swift in Sources */ = {isa = PBXBuildFile; fileRef = 2891DF25224F18CA00C2F048 /* CCQURLSessionDataTask.swift */; };
		2891DF28225062EE00C2F048 /* CCQURLConfig.swift in Sources */ = {isa = PBXBuildFile; fileRef = 2891DF27225062EE00C2F048 /* CCQURLConfig.swift */; };
		2891DF2D2252206D00C2F048 /* CCQTools.swift in Sources */ = {isa = PBXBuildFile; fileRef = 2891DF2C2252206D00C2F048 /* CCQTools.swift */; };
		2891DF372253602200C2F048 /* CCQNewsListModel.swift in Sources */ = {isa = PBXBuildFile; fileRef = 2891DF362253602200C2F048 /* CCQNewsListModel.swift */; };
		2891DF3A22536FAC00C2F048 /* NSObject+CCQModel.m in Sources */ = {isa = PBXBuildFile; fileRef = 2891DF3922536FAC00C2F048 /* NSObject+CCQModel.m */; };
		2891DF422254BB2D00C2F048 /* CCQNewsDetailVC.swift in Sources */ = {isa = PBXBuildFile; fileRef = 2891DF402254BB2D00C2F048 /* CCQNewsDetailVC.swift */; };
		2891DF432254BB2D00C2F048 /* CCQNewsDetailVC.xib in Resources */ = {isa = PBXBuildFile; fileRef = 2891DF412254BB2D00C2F048 /* CCQNewsDetailVC.xib */; };
		2891DF472255CFDB00C2F048 /* CCQHomeListCell.swift in Sources */ = {isa = PBXBuildFile; fileRef = 2891DF452255CFDB00C2F048 /* CCQHomeListCell.swift */; };
		2891DF482255CFDB00C2F048 /* CCQHomeListCell.xib in Resources */ = {isa = PBXBuildFile; fileRef = 2891DF462255CFDB00C2F048 /* CCQHomeListCell.xib */; };
		2891DF5122560B6E00C2F048 /* CCQTextJokesListCell.swift in Sources */ = {isa = PBXBuildFile; fileRef = 2891DF4F22560B6E00C2F048 /* CCQTextJokesListCell.swift */; };
		2891DF5222560B6E00C2F048 /* CCQTextJokesListCell.xib in Resources */ = {isa = PBXBuildFile; fileRef = 2891DF5022560B6E00C2F048 /* CCQTextJokesListCell.xib */; };
		2891DF592256E65C00C2F048 /* CCQVideosListVC.swift in Sources */ = {isa = PBXBuildFile; fileRef = 2891DF582256E65C00C2F048 /* CCQVideosListVC.swift */; };
		28A37792224B0CB800F9B70B /* Main.storyboard in Resources */ = {isa = PBXBuildFile; fileRef = 28A37790224B0CB800F9B70B /* Main.storyboard */; };
		28A37794224B0CBB00F9B70B /* Assets.xcassets in Resources */ = {isa = PBXBuildFile; fileRef = 28A37793224B0CBB00F9B70B /* Assets.xcassets */; };
		28A3781C224B0F8700F9B70B /* CCQHomeViewController.swift in Sources */ = {isa = PBXBuildFile; fileRef = 28A377EE224B0F8700F9B70B /* CCQHomeViewController.swift */; };
		28A3781D224B0F8700F9B70B /* CCQDiscoverViewController.swift in Sources */ = {isa = PBXBuildFile; fileRef = 28A377F0224B0F8700F9B70B /* CCQDiscoverViewController.swift */; };
		28A37823224B0F8800F9B70B /* UIColor+CZAddition.m in Sources */ = {isa = PBXBuildFile; fileRef = 28A377FC224B0F8700F9B70B /* UIColor+CZAddition.m */; };
		28A37824224B0F8800F9B70B /* UIView+CZAddition.m in Sources */ = {isa = PBXBuildFile; fileRef = 28A377FD224B0F8700F9B70B /* UIView+CZAddition.m */; };
		28A37825224B0F8800F9B70B /* UIScreen+CZAddition.m in Sources */ = {isa = PBXBuildFile; fileRef = 28A37800224B0F8700F9B70B /* UIScreen+CZAddition.m */; };
		28A37826224B0F8800F9B70B /* UILabel+CZAddition.m in Sources */ = {isa = PBXBuildFile; fileRef = 28A37802224B0F8700F9B70B /* UILabel+CZAddition.m */; };
		28A37827224B0F8800F9B70B /* NSString+CZBase64.m in Sources */ = {isa = PBXBuildFile; fileRef = 28A37804224B0F8700F9B70B /* NSString+CZBase64.m */; };
		28A37828224B0F8800F9B70B /* NSString+CZPath.m in Sources */ = {isa = PBXBuildFile; fileRef = 28A37805224B0F8700F9B70B /* NSString+CZPath.m */; };
		28A37829224B0F8800F9B70B /* UIButton+CZAddition.m in Sources */ = {isa = PBXBuildFile; fileRef = 28A37808224B0F8700F9B70B /* UIButton+CZAddition.m */; };
		28A3782A224B0F8800F9B70B /* NSObject+CZRuntime.m in Sources */ = {isa = PBXBuildFile; fileRef = 28A3780B224B0F8700F9B70B /* NSObject+CZRuntime.m */; };
		28A3782B224B0F8800F9B70B /* UIViewController+CZAddition.m in Sources */ = {isa = PBXBuildFile; fileRef = 28A3780E224B0F8700F9B70B /* UIViewController+CZAddition.m */; };
		28A3782C224B0F8800F9B70B /* NSString+CZHash.m in Sources */ = {isa = PBXBuildFile; fileRef = 28A3780F224B0F8700F9B70B /* NSString+CZHash.m */; };
		28A3782D224B0F8800F9B70B /* NSAttributedString+CZAdditon.m in Sources */ = {isa = PBXBuildFile; fileRef = 28A37812224B0F8700F9B70B /* NSAttributedString+CZAdditon.m */; };
		28A3782E224B0F8800F9B70B /* NSArray+Log.m in Sources */ = {isa = PBXBuildFile; fileRef = 28A37813224B0F8700F9B70B /* NSArray+Log.m */; };
		28A3782F224B0F8800F9B70B /* UIImage+Extensions.swift in Sources */ = {isa = PBXBuildFile; fileRef = 28A37816224B0F8700F9B70B /* UIImage+Extensions.swift */; };
		28A37830224B0F8800F9B70B /* UIBarButtonItem+Extensions.swift in Sources */ = {isa = PBXBuildFile; fileRef = 28A37817224B0F8700F9B70B /* UIBarButtonItem+Extensions.swift */; };
		28A37831224B0F8800F9B70B /* UIImageView+WebImage.swift in Sources */ = {isa = PBXBuildFile; fileRef = 28A37818224B0F8700F9B70B /* UIImageView+WebImage.swift */; };
		28A37832224B0F8800F9B70B /* Bundle+Extensions.swift in Sources */ = {isa = PBXBuildFile; fileRef = 28A37819224B0F8700F9B70B /* Bundle+Extensions.swift */; };
		28A37833224B0F8800F9B70B /* Date+Extensions.swift in Sources */ = {isa = PBXBuildFile; fileRef = 28A3781A224B0F8700F9B70B /* Date+Extensions.swift */; };
		28A37835224B0FFD00F9B70B /* AppDelegate.swift in Sources */ = {isa = PBXBuildFile; fileRef = 28A37834224B0FFD00F9B70B /* AppDelegate.swift */; };
		28A3783A224B224C00F9B70B /* CCQBaseNavigationVC.swift in Sources */ = {isa = PBXBuildFile; fileRef = 28A37837224B224C00F9B70B /* CCQBaseNavigationVC.swift */; };
		28A3783B224B224C00F9B70B /* CCQBaseTabBarVC.swift in Sources */ = {isa = PBXBuildFile; fileRef = 28A37838224B224C00F9B70B /* CCQBaseTabBarVC.swift */; };
		28A3783C224B224C00F9B70B /* CCQBaseViewController.swift in Sources */ = {isa = PBXBuildFile; fileRef = 28A37839224B224C00F9B70B /* CCQBaseViewController.swift */; };
		28F7CB5C225B3CBD0035FBDE /* CCQAboutVC.swift in Sources */ = {isa = PBXBuildFile; fileRef = 28F7CB5A225B3CBD0035FBDE /* CCQAboutVC.swift */; };
		28F7CB5D225B3CBD0035FBDE /* CCQAboutVC.xib in Resources */ = {isa = PBXBuildFile; fileRef = 28F7CB5B225B3CBD0035FBDE /* CCQAboutVC.xib */; };
		28F7CB61225B474B0035FBDE /* CCQFeedbackVC.swift in Sources */ = {isa = PBXBuildFile; fileRef = 28F7CB5F225B474B0035FBDE /* CCQFeedbackVC.swift */; };
		28F7CB62225B474B0035FBDE /* CCQFeedbackVC.xib in Resources */ = {isa = PBXBuildFile; fileRef = 28F7CB60225B474B0035FBDE /* CCQFeedbackVC.xib */; };
		7682E745E3A0A550FB121430 /* Pods_CCQNews.framework in Frameworks */ = {isa = PBXBuildFile; fileRef = 28A3784A224B405500F9B70B /* Pods_CCQNews.framework */; };
/* End PBXBuildFile section */

/* Begin PBXFileReference section */
		283E1638225752D0006EFDA3 /* CCQCommonMacro.swift */ = {isa = PBXFileReference; lastKnownFileType = sourcecode.swift; path = CCQCommonMacro.swift; sourceTree = "<group>"; };
		283E163B2258332C006EFDA3 /* CCQPersonalCenterVC.swift */ = {isa = PBXFileReference; lastKnownFileType = sourcecode.swift; path = CCQPersonalCenterVC.swift; sourceTree = "<group>"; };
		283E163E22583BDB006EFDA3 /* CCQPersonalCenterHeaderView.swift */ = {isa = PBXFileReference; lastKnownFileType = sourcecode.swift; path = CCQPersonalCenterHeaderView.swift; sourceTree = "<group>"; };
		283E164022583BEA006EFDA3 /* CCQPersonalCenterHeaderView.xib */ = {isa = PBXFileReference; lastKnownFileType = file.xib; path = CCQPersonalCenterHeaderView.xib; sourceTree = "<group>"; };
		283E164422584A80006EFDA3 /* CCQPersonalCenterCell.swift */ = {isa = PBXFileReference; lastKnownFileType = sourcecode.swift; path = CCQPersonalCenterCell.swift; sourceTree = "<group>"; };
		283E164522584A80006EFDA3 /* CCQPersonalCenterCell.xib */ = {isa = PBXFileReference; lastKnownFileType = file.xib; path = CCQPersonalCenterCell.xib; sourceTree = "<group>"; };
		283E164922597C46006EFDA3 /* CCQUser.swift */ = {isa = PBXFileReference; lastKnownFileType = sourcecode.swift; path = CCQUser.swift; sourceTree = "<group>"; };
		283E164C2259896D006EFDA3 /* CCQLoginVC.swift */ = {isa = PBXFileReference; lastKnownFileType = sourcecode.swift; path = CCQLoginVC.swift; sourceTree = "<group>"; };
		283E164D2259896D006EFDA3 /* CCQLoginVC.xib */ = {isa = PBXFileReference; lastKnownFileType = file.xib; path = CCQLoginVC.xib; sourceTree = "<group>"; };
		283E165122599889006EFDA3 /* CCQRegisterVC.swift */ = {isa = PBXFileReference; lastKnownFileType = sourcecode.swift; path = CCQRegisterVC.swift; sourceTree = "<group>"; };
		283E165222599889006EFDA3 /* CCQRegisterVC.xib */ = {isa = PBXFileReference; lastKnownFileType = file.xib; path = CCQRegisterVC.xib; sourceTree = "<group>"; };
		283E1655225A13B7006EFDA3 /* CCQSystemAlertView.m */ = {isa = PBXFileReference; fileEncoding = 4; lastKnownFileType = sourcecode.c.objc; path = CCQSystemAlertView.m; sourceTree = "<group>"; };
		283E1656225A13B7006EFDA3 /* CCQSystemAlertView.h */ = {isa = PBXFileReference; fileEncoding = 4; lastKnownFileType = sourcecode.c.h; path = CCQSystemAlertView.h; sourceTree = "<group>"; };
		283E1658225A21C0006EFDA3 /* CCQWKWebView.swift */ = {isa = PBXFileReference; fileEncoding = 4; lastKnownFileType = sourcecode.swift; path = CCQWKWebView.swift; sourceTree = "<group>"; };
		283E165B225B1EA2006EFDA3 /* yinsizhengce.html */ = {isa = PBXFileReference; fileEncoding = 4; lastKnownFileType = text.html; path = yinsizhengce.html; sourceTree = "<group>"; };
		28788269225C61EF0057E003 /* CCQVideoListCell.swift */ = {isa = PBXFileReference; lastKnownFileType = sourcecode.swift; path = CCQVideoListCell.swift; sourceTree = "<group>"; };
		2878826A225C61EF0057E003 /* CCQVideoListCell.xib */ = {isa = PBXFileReference; lastKnownFileType = file.xib; path = CCQVideoListCell.xib; sourceTree = "<group>"; };
		2891DF23224F0DDC00C2F048 /* CCQHttpRequestManager.swift */ = {isa = PBXFileReference; lastKnownFileType = sourcecode.swift; path = CCQHttpRequestManager.swift; sourceTree = "<group>"; };
		2891DF25224F18CA00C2F048 /* CCQURLSessionDataTask.swift */ = {isa = PBXFileReference; lastKnownFileType = sourcecode.swift; path = CCQURLSessionDataTask.swift; sourceTree = "<group>"; };
		2891DF27225062EE00C2F048 /* CCQURLConfig.swift */ = {isa = PBXFileReference; lastKnownFileType = sourcecode.swift; path = CCQURLConfig.swift; sourceTree = "<group>"; };
		2891DF2C2252206D00C2F048 /* CCQTools.swift */ = {isa = PBXFileReference; lastKnownFileType = sourcecode.swift; path = CCQTools.swift; sourceTree = "<group>"; };
		2891DF362253602200C2F048 /* CCQNewsListModel.swift */ = {isa = PBXFileReference; lastKnownFileType = sourcecode.swift; path = CCQNewsListModel.swift; sourceTree = "<group>"; };
		2891DF3822536FAC00C2F048 /* NSObject+CCQModel.h */ = {isa = PBXFileReference; lastKnownFileType = sourcecode.c.h; path = "NSObject+CCQModel.h"; sourceTree = "<group>"; };
		2891DF3922536FAC00C2F048 /* NSObject+CCQModel.m */ = {isa = PBXFileReference; lastKnownFileType = sourcecode.c.objc; path = "NSObject+CCQModel.m"; sourceTree = "<group>"; };
		2891DF402254BB2D00C2F048 /* CCQNewsDetailVC.swift */ = {isa = PBXFileReference; lastKnownFileType = sourcecode.swift; path = CCQNewsDetailVC.swift; sourceTree = "<group>"; };
		2891DF412254BB2D00C2F048 /* CCQNewsDetailVC.xib */ = {isa = PBXFileReference; lastKnownFileType = file.xib; path = CCQNewsDetailVC.xib; sourceTree = "<group>"; };
		2891DF452255CFDB00C2F048 /* CCQHomeListCell.swift */ = {isa = PBXFileReference; lastKnownFileType = sourcecode.swift; path = CCQHomeListCell.swift; sourceTree = "<group>"; };
		2891DF462255CFDB00C2F048 /* CCQHomeListCell.xib */ = {isa = PBXFileReference; lastKnownFileType = file.xib; path = CCQHomeListCell.xib; sourceTree = "<group>"; };
		2891DF4F22560B6E00C2F048 /* CCQTextJokesListCell.swift */ = {isa = PBXFileReference; lastKnownFileType = sourcecode.swift; path = CCQTextJokesListCell.swift; sourceTree = "<group>"; };
		2891DF5022560B6E00C2F048 /* CCQTextJokesListCell.xib */ = {isa = PBXFileReference; lastKnownFileType = file.xib; path = CCQTextJokesListCell.xib; sourceTree = "<group>"; };
		2891DF582256E65C00C2F048 /* CCQVideosListVC.swift */ = {isa = PBXFileReference; lastKnownFileType = sourcecode.swift; path = CCQVideosListVC.swift; sourceTree = "<group>"; };
		28A37789224B0CB800F9B70B /* CCQNews.app */ = {isa = PBXFileReference; explicitFileType = wrapper.application; includeInIndex = 0; path = CCQNews.app; sourceTree = BUILT_PRODUCTS_DIR; };
		28A37791224B0CB800F9B70B /* Base */ = {isa = PBXFileReference; lastKnownFileType = file.storyboard; name = Base; path = Base.lproj/Main.storyboard; sourceTree = "<group>"; };
		28A37793224B0CBB00F9B70B /* Assets.xcassets */ = {isa = PBXFileReference; lastKnownFileType = folder.assetcatalog; path = Assets.xcassets; sourceTree = "<group>"; };
		28A37798224B0CBB00F9B70B /* Info.plist */ = {isa = PBXFileReference; lastKnownFileType = text.plist.xml; path = Info.plist; sourceTree = "<group>"; };
		28A377EE224B0F8700F9B70B /* CCQHomeViewController.swift */ = {isa = PBXFileReference; fileEncoding = 4; lastKnownFileType = sourcecode.swift; path = CCQHomeViewController.swift; sourceTree = "<group>"; };
		28A377F0224B0F8700F9B70B /* CCQDiscoverViewController.swift */ = {isa = PBXFileReference; fileEncoding = 4; lastKnownFileType = sourcecode.swift; path = CCQDiscoverViewController.swift; sourceTree = "<group>"; };
		28A377FC224B0F8700F9B70B /* UIColor+CZAddition.m */ = {isa = PBXFileReference; fileEncoding = 4; lastKnownFileType = sourcecode.c.objc; path = "UIColor+CZAddition.m"; sourceTree = "<group>"; };
		28A377FD224B0F8700F9B70B /* UIView+CZAddition.m */ = {isa = PBXFileReference; fileEncoding = 4; lastKnownFileType = sourcecode.c.objc; path = "UIView+CZAddition.m"; sourceTree = "<group>"; };
		28A377FE224B0F8700F9B70B /* UIButton+CZAddition.h */ = {isa = PBXFileReference; fileEncoding = 4; lastKnownFileType = sourcecode.c.h; path = "UIButton+CZAddition.h"; sourceTree = "<group>"; };
		28A377FF224B0F8700F9B70B /* NSString+CZHash.h */ = {isa = PBXFileReference; fileEncoding = 4; lastKnownFileType = sourcecode.c.h; path = "NSString+CZHash.h"; sourceTree = "<group>"; };
		28A37800224B0F8700F9B70B /* UIScreen+CZAddition.m */ = {isa = PBXFileReference; fileEncoding = 4; lastKnownFileType = sourcecode.c.objc; path = "UIScreen+CZAddition.m"; sourceTree = "<group>"; };
		28A37801224B0F8700F9B70B /* UIViewController+CZAddition.h */ = {isa = PBXFileReference; fileEncoding = 4; lastKnownFileType = sourcecode.c.h; path = "UIViewController+CZAddition.h"; sourceTree = "<group>"; };
		28A37802224B0F8700F9B70B /* UILabel+CZAddition.m */ = {isa = PBXFileReference; fileEncoding = 4; lastKnownFileType = sourcecode.c.objc; path = "UILabel+CZAddition.m"; sourceTree = "<group>"; };
		28A37803224B0F8700F9B70B /* NSObject+CZRuntime.h */ = {isa = PBXFileReference; fileEncoding = 4; lastKnownFileType = sourcecode.c.h; path = "NSObject+CZRuntime.h"; sourceTree = "<group>"; };
		28A37804224B0F8700F9B70B /* NSString+CZBase64.m */ = {isa = PBXFileReference; fileEncoding = 4; lastKnownFileType = sourcecode.c.objc; path = "NSString+CZBase64.m"; sourceTree = "<group>"; };
		28A37805224B0F8700F9B70B /* NSString+CZPath.m */ = {isa = PBXFileReference; fileEncoding = 4; lastKnownFileType = sourcecode.c.objc; path = "NSString+CZPath.m"; sourceTree = "<group>"; };
		28A37806224B0F8700F9B70B /* NSArray+Log.h */ = {isa = PBXFileReference; fileEncoding = 4; lastKnownFileType = sourcecode.c.h; path = "NSArray+Log.h"; sourceTree = "<group>"; };
		28A37807224B0F8700F9B70B /* NSAttributedString+CZAdditon.h */ = {isa = PBXFileReference; fileEncoding = 4; lastKnownFileType = sourcecode.c.h; path = "NSAttributedString+CZAdditon.h"; sourceTree = "<group>"; };
		28A37808224B0F8700F9B70B /* UIButton+CZAddition.m */ = {isa = PBXFileReference; fileEncoding = 4; lastKnownFileType = sourcecode.c.objc; path = "UIButton+CZAddition.m"; sourceTree = "<group>"; };
		28A37809224B0F8700F9B70B /* UIView+CZAddition.h */ = {isa = PBXFileReference; fileEncoding = 4; lastKnownFileType = sourcecode.c.h; path = "UIView+CZAddition.h"; sourceTree = "<group>"; };
		28A3780A224B0F8700F9B70B /* UIColor+CZAddition.h */ = {isa = PBXFileReference; fileEncoding = 4; lastKnownFileType = sourcecode.c.h; path = "UIColor+CZAddition.h"; sourceTree = "<group>"; };
		28A3780B224B0F8700F9B70B /* NSObject+CZRuntime.m */ = {isa = PBXFileReference; fileEncoding = 4; lastKnownFileType = sourcecode.c.objc; path = "NSObject+CZRuntime.m"; sourceTree = "<group>"; };
		28A3780C224B0F8700F9B70B /* UILabel+CZAddition.h */ = {isa = PBXFileReference; fileEncoding = 4; lastKnownFileType = sourcecode.c.h; path = "UILabel+CZAddition.h"; sourceTree = "<group>"; };
		28A3780D224B0F8700F9B70B /* UIScreen+CZAddition.h */ = {isa = PBXFileReference; fileEncoding = 4; lastKnownFileType = sourcecode.c.h; path = "UIScreen+CZAddition.h"; sourceTree = "<group>"; };
		28A3780E224B0F8700F9B70B /* UIViewController+CZAddition.m */ = {isa = PBXFileReference; fileEncoding = 4; lastKnownFileType = sourcecode.c.objc; path = "UIViewController+CZAddition.m"; sourceTree = "<group>"; };
		28A3780F224B0F8700F9B70B /* NSString+CZHash.m */ = {isa = PBXFileReference; fileEncoding = 4; lastKnownFileType = sourcecode.c.objc; path = "NSString+CZHash.m"; sourceTree = "<group>"; };
		28A37810224B0F8700F9B70B /* NSString+CZBase64.h */ = {isa = PBXFileReference; fileEncoding = 4; lastKnownFileType = sourcecode.c.h; path = "NSString+CZBase64.h"; sourceTree = "<group>"; };
		28A37811224B0F8700F9B70B /* CZAdditions.h */ = {isa = PBXFileReference; fileEncoding = 4; lastKnownFileType = sourcecode.c.h; path = CZAdditions.h; sourceTree = "<group>"; };
		28A37812224B0F8700F9B70B /* NSAttributedString+CZAdditon.m */ = {isa = PBXFileReference; fileEncoding = 4; lastKnownFileType = sourcecode.c.objc; path = "NSAttributedString+CZAdditon.m"; sourceTree = "<group>"; };
		28A37813224B0F8700F9B70B /* NSArray+Log.m */ = {isa = PBXFileReference; fileEncoding = 4; lastKnownFileType = sourcecode.c.objc; path = "NSArray+Log.m"; sourceTree = "<group>"; };
		28A37814224B0F8700F9B70B /* NSString+CZPath.h */ = {isa = PBXFileReference; fileEncoding = 4; lastKnownFileType = sourcecode.c.h; path = "NSString+CZPath.h"; sourceTree = "<group>"; };
		28A37816224B0F8700F9B70B /* UIImage+Extensions.swift */ = {isa = PBXFileReference; fileEncoding = 4; lastKnownFileType = sourcecode.swift; path = "UIImage+Extensions.swift"; sourceTree = "<group>"; };
		28A37817224B0F8700F9B70B /* UIBarButtonItem+Extensions.swift */ = {isa = PBXFileReference; fileEncoding = 4; lastKnownFileType = sourcecode.swift; path = "UIBarButtonItem+Extensions.swift"; sourceTree = "<group>"; };
		28A37818224B0F8700F9B70B /* UIImageView+WebImage.swift */ = {isa = PBXFileReference; fileEncoding = 4; lastKnownFileType = sourcecode.swift; path = "UIImageView+WebImage.swift"; sourceTree = "<group>"; };
		28A37819224B0F8700F9B70B /* Bundle+Extensions.swift */ = {isa = PBXFileReference; fileEncoding = 4; lastKnownFileType = sourcecode.swift; path = "Bundle+Extensions.swift"; sourceTree = "<group>"; };
		28A3781A224B0F8700F9B70B /* Date+Extensions.swift */ = {isa = PBXFileReference; fileEncoding = 4; lastKnownFileType = sourcecode.swift; path = "Date+Extensions.swift"; sourceTree = "<group>"; };
		28A37834224B0FFD00F9B70B /* AppDelegate.swift */ = {isa = PBXFileReference; fileEncoding = 4; lastKnownFileType = sourcecode.swift; path = AppDelegate.swift; sourceTree = "<group>"; };
		28A37837224B224C00F9B70B /* CCQBaseNavigationVC.swift */ = {isa = PBXFileReference; fileEncoding = 4; lastKnownFileType = sourcecode.swift; path = CCQBaseNavigationVC.swift; sourceTree = "<group>"; };
		28A37838224B224C00F9B70B /* CCQBaseTabBarVC.swift */ = {isa = PBXFileReference; fileEncoding = 4; lastKnownFileType = sourcecode.swift; path = CCQBaseTabBarVC.swift; sourceTree = "<group>"; };
		28A37839224B224C00F9B70B /* CCQBaseViewController.swift */ = {isa = PBXFileReference; fileEncoding = 4; lastKnownFileType = sourcecode.swift; path = CCQBaseViewController.swift; sourceTree = "<group>"; };
		28A3783E224B298D00F9B70B /* News-Bridge.h */ = {isa = PBXFileReference; lastKnownFileType = sourcecode.c.h; path = "News-Bridge.h"; sourceTree = "<group>"; };
		28A37840224B3F6500F9B70B /* SDWebImage.framework */ = {isa = PBXFileReference; explicitFileType = wrapper.framework; path = SDWebImage.framework; sourceTree = BUILT_PRODUCTS_DIR; };
		28A37842224B401A00F9B70B /* AFNetworking.framework */ = {isa = PBXFileReference; explicitFileType = wrapper.framework; path = AFNetworking.framework; sourceTree = BUILT_PRODUCTS_DIR; };
		28A37844224B401E00F9B70B /* MBProgressHUD.framework */ = {isa = PBXFileReference; explicitFileType = wrapper.framework; path = MBProgressHUD.framework; sourceTree = BUILT_PRODUCTS_DIR; };
		28A37846224B402200F9B70B /* SDWebImage.framework */ = {isa = PBXFileReference; explicitFileType = wrapper.framework; path = SDWebImage.framework; sourceTree = BUILT_PRODUCTS_DIR; };
		28A37848224B402900F9B70B /* YYModel.framework */ = {isa = PBXFileReference; explicitFileType = wrapper.framework; path = YYModel.framework; sourceTree = BUILT_PRODUCTS_DIR; };
		28A3784A224B405500F9B70B /* Pods_CCQNews.framework */ = {isa = PBXFileReference; explicitFileType = wrapper.framework; path = Pods_CCQNews.framework; sourceTree = BUILT_PRODUCTS_DIR; };
		28F7CB5A225B3CBD0035FBDE /* CCQAboutVC.swift */ = {isa = PBXFileReference; lastKnownFileType = sourcecode.swift; path = CCQAboutVC.swift; sourceTree = "<group>"; };
		28F7CB5B225B3CBD0035FBDE /* CCQAboutVC.xib */ = {isa = PBXFileReference; lastKnownFileType = file.xib; path = CCQAboutVC.xib; sourceTree = "<group>"; };
		28F7CB5F225B474B0035FBDE /* CCQFeedbackVC.swift */ = {isa = PBXFileReference; lastKnownFileType = sourcecode.swift; path = CCQFeedbackVC.swift; sourceTree = "<group>"; };
		28F7CB60225B474B0035FBDE /* CCQFeedbackVC.xib */ = {isa = PBXFileReference; lastKnownFileType = file.xib; path = CCQFeedbackVC.xib; sourceTree = "<group>"; };
		4F09BE672E561ABEB47DC80F /* Pods-CCQNews.release.xcconfig */ = {isa = PBXFileReference; includeInIndex = 1; lastKnownFileType = text.xcconfig; name = "Pods-CCQNews.release.xcconfig"; path = "Pods/Target Support Files/Pods-CCQNews/Pods-CCQNews.release.xcconfig"; sourceTree = "<group>"; };
		9E728C7823296B10BAA651AB /* Pods-CCQNews.debug.xcconfig */ = {isa = PBXFileReference; includeInIndex = 1; lastKnownFileType = text.xcconfig; name = "Pods-CCQNews.debug.xcconfig"; path = "Pods/Target Support Files/Pods-CCQNews/Pods-CCQNews.debug.xcconfig"; sourceTree = "<group>"; };
/* End PBXFileReference section */

/* Begin PBXFrameworksBuildPhase section */
		28A37786224B0CB800F9B70B /* Frameworks */ = {
			isa = PBXFrameworksBuildPhase;
			buildActionMask = 2147483647;
			files = (
				7682E745E3A0A550FB121430 /* Pods_CCQNews.framework in Frameworks */,
			);
			runOnlyForDeploymentPostprocessing = 0;
		};
/* End PBXFrameworksBuildPhase section */

/* Begin PBXGroup section */
		283E163A22583316006EFDA3 /* CCQPersonalCenterVC */ = {
			isa = PBXGroup;
			children = (
				283E163B2258332C006EFDA3 /* CCQPersonalCenterVC.swift */,
			);
			path = CCQPersonalCenterVC;
			sourceTree = "<group>";
		};
		283E163D22583BB5006EFDA3 /* CCQPersonalCenterHeaderView */ = {
			isa = PBXGroup;
			children = (
				283E163E22583BDB006EFDA3 /* CCQPersonalCenterHeaderView.swift */,
				283E164022583BEA006EFDA3 /* CCQPersonalCenterHeaderView.xib */,
			);
			path = CCQPersonalCenterHeaderView;
			sourceTree = "<group>";
		};
		283E164322584A67006EFDA3 /* CCQPersonalCenterCell */ = {
			isa = PBXGroup;
			children = (
				283E164422584A80006EFDA3 /* CCQPersonalCenterCell.swift */,
				283E164522584A80006EFDA3 /* CCQPersonalCenterCell.xib */,
			);
			path = CCQPersonalCenterCell;
			sourceTree = "<group>";
		};
		283E164822597C32006EFDA3 /* CCQUser */ = {
			isa = PBXGroup;
			children = (
				283E164922597C46006EFDA3 /* CCQUser.swift */,
			);
			path = CCQUser;
			sourceTree = "<group>";
		};
		283E164B22598952006EFDA3 /* CCQLoginVC */ = {
			isa = PBXGroup;
			children = (
				283E164C2259896D006EFDA3 /* CCQLoginVC.swift */,
				283E164D2259896D006EFDA3 /* CCQLoginVC.xib */,
			);
			path = CCQLoginVC;
			sourceTree = "<group>";
		};
		283E1650225997E4006EFDA3 /* CCQRegisterVC */ = {
			isa = PBXGroup;
			children = (
				283E165122599889006EFDA3 /* CCQRegisterVC.swift */,
				283E165222599889006EFDA3 /* CCQRegisterVC.xib */,
			);
			path = CCQRegisterVC;
			sourceTree = "<group>";
		};
		283E165A225B1EA2006EFDA3 /* html */ = {
			isa = PBXGroup;
			children = (
				283E165B225B1EA2006EFDA3 /* yinsizhengce.html */,
			);
			path = html;
			sourceTree = "<group>";
		};
		28788268225C61D70057E003 /* CCQVideoListCell */ = {
			isa = PBXGroup;
			children = (
				28788269225C61EF0057E003 /* CCQVideoListCell.swift */,
				2878826A225C61EF0057E003 /* CCQVideoListCell.xib */,
			);
			path = CCQVideoListCell;
			sourceTree = "<group>";
		};
		2891DF22224F0D7500C2F048 /* NetWork */ = {
			isa = PBXGroup;
			children = (
				2891DF23224F0DDC00C2F048 /* CCQHttpRequestManager.swift */,
				2891DF25224F18CA00C2F048 /* CCQURLSessionDataTask.swift */,
			);
			path = NetWork;
			sourceTree = "<group>";
		};
		2891DF352253600D00C2F048 /* NewsListModel */ = {
			isa = PBXGroup;
			children = (
				2891DF362253602200C2F048 /* CCQNewsListModel.swift */,
			);
			path = NewsListModel;
			sourceTree = "<group>";
		};
		2891DF3F2254BAE700C2F048 /* CCQNewsDetailVC */ = {
			isa = PBXGroup;
			children = (
				2891DF402254BB2D00C2F048 /* CCQNewsDetailVC.swift */,
				2891DF412254BB2D00C2F048 /* CCQNewsDetailVC.xib */,
			);
			path = CCQNewsDetailVC;
			sourceTree = "<group>";
		};
		2891DF442255CFB800C2F048 /* CCQHomeListCell */ = {
			isa = PBXGroup;
			children = (
				2891DF452255CFDB00C2F048 /* CCQHomeListCell.swift */,
				2891DF462255CFDB00C2F048 /* CCQHomeListCell.xib */,
			);
			path = CCQHomeListCell;
			sourceTree = "<group>";
		};
		2891DF4E22560B5E00C2F048 /* CCQTextJokesListCell */ = {
			isa = PBXGroup;
			children = (
				2891DF4F22560B6E00C2F048 /* CCQTextJokesListCell.swift */,
				2891DF5022560B6E00C2F048 /* CCQTextJokesListCell.xib */,
			);
			path = CCQTextJokesListCell;
			sourceTree = "<group>";
		};
		2891DF532256E61100C2F048 /* CCQVideosListVC */ = {
			isa = PBXGroup;
			children = (
				2891DF582256E65C00C2F048 /* CCQVideosListVC.swift */,
			);
			path = CCQVideosListVC;
			sourceTree = "<group>";
		};
		28A37780224B0CB800F9B70B = {
			isa = PBXGroup;
			children = (
				28A3778B224B0CB800F9B70B /* CCQNews */,
				28A3778A224B0CB800F9B70B /* Products */,
				28A3783F224B3F6500F9B70B /* Frameworks */,
				5C23AA9F0C44ABA38F466001 /* Pods */,
			);
			sourceTree = "<group>";
		};
		28A3778A224B0CB800F9B70B /* Products */ = {
			isa = PBXGroup;
			children = (
				28A37789224B0CB800F9B70B /* CCQNews.app */,
			);
			name = Products;
			sourceTree = "<group>";
		};
		28A3778B224B0CB800F9B70B /* CCQNews */ = {
			isa = PBXGroup;
			children = (
				28A377E7224B0F8700F9B70B /* Classes */,
				28A37790224B0CB800F9B70B /* Main.storyboard */,
				28A3783E224B298D00F9B70B /* News-Bridge.h */,
				28A37793224B0CBB00F9B70B /* Assets.xcassets */,
				28A37798224B0CBB00F9B70B /* Info.plist */,
			);
			path = CCQNews;
			sourceTree = "<group>";
		};
		28A377E7224B0F8700F9B70B /* Classes */ = {
			isa = PBXGroup;
			children = (
				28A377EB224B0F8700F9B70B /* Application */,
				28A377EC224B0F8700F9B70B /* Controllers */,
				28A377EA224B0F8700F9B70B /* Model */,
				28A377F9224B0F8700F9B70B /* Views */,
				28A377E8224B0F8700F9B70B /* Tools */,
				28A377E9224B0F8700F9B70B /* Resources */,
				28A377FA224B0F8700F9B70B /* Categories */,
				28A3781B224B0F8700F9B70B /* Vendor */,
			);
			path = Classes;
			sourceTree = "<group>";
		};
		28A377E8224B0F8700F9B70B /* Tools */ = {
			isa = PBXGroup;
			children = (
				2891DF22224F0D7500C2F048 /* NetWork */,
				2891DF2C2252206D00C2F048 /* CCQTools.swift */,
			);
			path = Tools;
			sourceTree = "<group>";
		};
		28A377E9224B0F8700F9B70B /* Resources */ = {
			isa = PBXGroup;
			children = (
				283E165A225B1EA2006EFDA3 /* html */,
			);
			path = Resources;
			sourceTree = "<group>";
		};
		28A377EA224B0F8700F9B70B /* Model */ = {
			isa = PBXGroup;
			children = (
				283E164822597C32006EFDA3 /* CCQUser */,
				2891DF352253600D00C2F048 /* NewsListModel */,
			);
			path = Model;
			sourceTree = "<group>";
		};
		28A377EB224B0F8700F9B70B /* Application */ = {
			isa = PBXGroup;
			children = (
				28A37834224B0FFD00F9B70B /* AppDelegate.swift */,
				2891DF27225062EE00C2F048 /* CCQURLConfig.swift */,
				283E1638225752D0006EFDA3 /* CCQCommonMacro.swift */,
			);
			path = Application;
			sourceTree = "<group>";
		};
		28A377EC224B0F8700F9B70B /* Controllers */ = {
			isa = PBXGroup;
			children = (
				28A37836224B224C00F9B70B /* Base */,
				28A377ED224B0F8700F9B70B /* Home */,
				28A377EF224B0F8700F9B70B /* Discover */,
				2891DF532256E61100C2F048 /* CCQVideosListVC */,
				283E163A22583316006EFDA3 /* CCQPersonalCenterVC */,
				2891DF3F2254BAE700C2F048 /* CCQNewsDetailVC */,
				283E164B22598952006EFDA3 /* CCQLoginVC */,
				283E1650225997E4006EFDA3 /* CCQRegisterVC */,
				28F7CB59225B3C940035FBDE /* CCQAboutVC */,
				28F7CB5E225B47390035FBDE /* CCQFeedbackVC */,
			);
			path = Controllers;
			sourceTree = "<group>";
		};
		28A377ED224B0F8700F9B70B /* Home */ = {
			isa = PBXGroup;
			children = (
				28A377EE224B0F8700F9B70B /* CCQHomeViewController.swift */,
			);
			path = Home;
			sourceTree = "<group>";
		};
		28A377EF224B0F8700F9B70B /* Discover */ = {
			isa = PBXGroup;
			children = (
				28A377F0224B0F8700F9B70B /* CCQDiscoverViewController.swift */,
			);
			path = Discover;
			sourceTree = "<group>";
		};
		28A377F9224B0F8700F9B70B /* Views */ = {
			isa = PBXGroup;
			children = (
				2891DF442255CFB800C2F048 /* CCQHomeListCell */,
				2891DF4E22560B5E00C2F048 /* CCQTextJokesListCell */,
				28788268225C61D70057E003 /* CCQVideoListCell */,
				283E163D22583BB5006EFDA3 /* CCQPersonalCenterHeaderView */,
				283E164322584A67006EFDA3 /* CCQPersonalCenterCell */,
			);
			path = Views;
			sourceTree = "<group>";
		};
		28A377FA224B0F8700F9B70B /* Categories */ = {
			isa = PBXGroup;
			children = (
				28A377FB224B0F8700F9B70B /* Additions */,
				28A37815224B0F8700F9B70B /* Extensions */,
			);
			path = Categories;
			sourceTree = "<group>";
		};
		28A377FB224B0F8700F9B70B /* Additions */ = {
			isa = PBXGroup;
			children = (
				283E1656225A13B7006EFDA3 /* CCQSystemAlertView.h */,
				283E1655225A13B7006EFDA3 /* CCQSystemAlertView.m */,
				28A37811224B0F8700F9B70B /* CZAdditions.h */,
				28A37806224B0F8700F9B70B /* NSArray+Log.h */,
				28A37813224B0F8700F9B70B /* NSArray+Log.m */,
				28A37807224B0F8700F9B70B /* NSAttributedString+CZAdditon.h */,
				28A37812224B0F8700F9B70B /* NSAttributedString+CZAdditon.m */,
				28A37803224B0F8700F9B70B /* NSObject+CZRuntime.h */,
				28A3780B224B0F8700F9B70B /* NSObject+CZRuntime.m */,
				28A37810224B0F8700F9B70B /* NSString+CZBase64.h */,
				28A37804224B0F8700F9B70B /* NSString+CZBase64.m */,
				28A377FF224B0F8700F9B70B /* NSString+CZHash.h */,
				28A3780F224B0F8700F9B70B /* NSString+CZHash.m */,
				28A37814224B0F8700F9B70B /* NSString+CZPath.h */,
				28A37805224B0F8700F9B70B /* NSString+CZPath.m */,
				28A377FE224B0F8700F9B70B /* UIButton+CZAddition.h */,
				28A37808224B0F8700F9B70B /* UIButton+CZAddition.m */,
				28A3780A224B0F8700F9B70B /* UIColor+CZAddition.h */,
				28A377FC224B0F8700F9B70B /* UIColor+CZAddition.m */,
				28A3780C224B0F8700F9B70B /* UILabel+CZAddition.h */,
				28A37802224B0F8700F9B70B /* UILabel+CZAddition.m */,
				28A3780D224B0F8700F9B70B /* UIScreen+CZAddition.h */,
				28A37800224B0F8700F9B70B /* UIScreen+CZAddition.m */,
				28A37809224B0F8700F9B70B /* UIView+CZAddition.h */,
				28A377FD224B0F8700F9B70B /* UIView+CZAddition.m */,
				28A37801224B0F8700F9B70B /* UIViewController+CZAddition.h */,
				28A3780E224B0F8700F9B70B /* UIViewController+CZAddition.m */,
				2891DF3822536FAC00C2F048 /* NSObject+CCQModel.h */,
				2891DF3922536FAC00C2F048 /* NSObject+CCQModel.m */,
			);
			path = Additions;
			sourceTree = "<group>";
		};
		28A37815224B0F8700F9B70B /* Extensions */ = {
			isa = PBXGroup;
			children = (
				28A37816224B0F8700F9B70B /* UIImage+Extensions.swift */,
				28A37817224B0F8700F9B70B /* UIBarButtonItem+Extensions.swift */,
				28A37818224B0F8700F9B70B /* UIImageView+WebImage.swift */,
				283E1658225A21C0006EFDA3 /* CCQWKWebView.swift */,
				28A37819224B0F8700F9B70B /* Bundle+Extensions.swift */,
				28A3781A224B0F8700F9B70B /* Date+Extensions.swift */,
			);
			path = Extensions;
			sourceTree = "<group>";
		};
		28A3781B224B0F8700F9B70B /* Vendor */ = {
			isa = PBXGroup;
			children = (
			);
			path = Vendor;
			sourceTree = "<group>";
		};
		28A37836224B224C00F9B70B /* Base */ = {
			isa = PBXGroup;
			children = (
				28A37837224B224C00F9B70B /* CCQBaseNavigationVC.swift */,
				28A37838224B224C00F9B70B /* CCQBaseTabBarVC.swift */,
				28A37839224B224C00F9B70B /* CCQBaseViewController.swift */,
			);
			path = Base;
			sourceTree = "<group>";
		};
		28A3783F224B3F6500F9B70B /* Frameworks */ = {
			isa = PBXGroup;
			children = (
				28A3784A224B405500F9B70B /* Pods_CCQNews.framework */,
				28A37848224B402900F9B70B /* YYModel.framework */,
				28A37846224B402200F9B70B /* SDWebImage.framework */,
				28A37844224B401E00F9B70B /* MBProgressHUD.framework */,
				28A37842224B401A00F9B70B /* AFNetworking.framework */,
				28A37840224B3F6500F9B70B /* SDWebImage.framework */,
			);
			name = Frameworks;
			sourceTree = "<group>";
		};
		28F7CB59225B3C940035FBDE /* CCQAboutVC */ = {
			isa = PBXGroup;
			children = (
				28F7CB5A225B3CBD0035FBDE /* CCQAboutVC.swift */,
				28F7CB5B225B3CBD0035FBDE /* CCQAboutVC.xib */,
			);
			path = CCQAboutVC;
			sourceTree = "<group>";
		};
		28F7CB5E225B47390035FBDE /* CCQFeedbackVC */ = {
			isa = PBXGroup;
			children = (
				28F7CB5F225B474B0035FBDE /* CCQFeedbackVC.swift */,
				28F7CB60225B474B0035FBDE /* CCQFeedbackVC.xib */,
			);
			path = CCQFeedbackVC;
			sourceTree = "<group>";
		};
		5C23AA9F0C44ABA38F466001 /* Pods */ = {
			isa = PBXGroup;
			children = (
				9E728C7823296B10BAA651AB /* Pods-CCQNews.debug.xcconfig */,
				4F09BE672E561ABEB47DC80F /* Pods-CCQNews.release.xcconfig */,
			);
			name = Pods;
			sourceTree = "<group>";
		};
/* End PBXGroup section */

/* Begin PBXNativeTarget section */
		28A37788224B0CB800F9B70B /* CCQNews */ = {
			isa = PBXNativeTarget;
			buildConfigurationList = 28A3779B224B0CBB00F9B70B /* Build configuration list for PBXNativeTarget "CCQNews" */;
			buildPhases = (
				DA316BEE686AF3CCCF6B60F8 /* [CP] Check Pods Manifest.lock */,
				28A37785224B0CB800F9B70B /* Sources */,
				28A37786224B0CB800F9B70B /* Frameworks */,
				28A37787224B0CB800F9B70B /* Resources */,
				896141653D6B2FE1B4E40156 /* [CP] Embed Pods Frameworks */,
			);
			buildRules = (
			);
			dependencies = (
			);
			name = CCQNews;
			productName = CCQNews;
			productReference = 28A37789224B0CB800F9B70B /* CCQNews.app */;
			productType = "com.apple.product-type.application";
		};
/* End PBXNativeTarget section */

/* Begin PBXProject section */
		28A37781224B0CB800F9B70B /* Project object */ = {
			isa = PBXProject;
			attributes = {
				LastSwiftUpdateCheck = 1010;
				LastUpgradeCheck = 1010;
				ORGANIZATIONNAME = "常超群";
				TargetAttributes = {
					28A37788224B0CB800F9B70B = {
						CreatedOnToolsVersion = 10.1;
						LastSwiftMigration = 1020;
					};
				};
			};
			buildConfigurationList = 28A37784224B0CB800F9B70B /* Build configuration list for PBXProject "CCQNews" */;
			compatibilityVersion = "Xcode 9.3";
			developmentRegion = en;
			hasScannedForEncodings = 0;
			knownRegions = (
				en,
				Base,
			);
			mainGroup = 28A37780224B0CB800F9B70B;
			productRefGroup = 28A3778A224B0CB800F9B70B /* Products */;
			projectDirPath = "";
			projectRoot = "";
			targets = (
				28A37788224B0CB800F9B70B /* CCQNews */,
			);
		};
/* End PBXProject section */

/* Begin PBXResourcesBuildPhase section */
		28A37787224B0CB800F9B70B /* Resources */ = {
			isa = PBXResourcesBuildPhase;
			buildActionMask = 2147483647;
			files = (
				283E165C225B1EA2006EFDA3 /* yinsizhengce.html in Resources */,
				283E164F2259896D006EFDA3 /* CCQLoginVC.xib in Resources */,
				283E164122583BEA006EFDA3 /* CCQPersonalCenterHeaderView.xib in Resources */,
				2891DF482255CFDB00C2F048 /* CCQHomeListCell.xib in Resources */,
				283E165422599889006EFDA3 /* CCQRegisterVC.xib in Resources */,
				2891DF5222560B6E00C2F048 /* CCQTextJokesListCell.xib in Resources */,
				283E164722584A80006EFDA3 /* CCQPersonalCenterCell.xib in Resources */,
				28F7CB62225B474B0035FBDE /* CCQFeedbackVC.xib in Resources */,
				2891DF432254BB2D00C2F048 /* CCQNewsDetailVC.xib in Resources */,
				2878826C225C61EF0057E003 /* CCQVideoListCell.xib in Resources */,
				28F7CB5D225B3CBD0035FBDE /* CCQAboutVC.xib in Resources */,
				28A37794224B0CBB00F9B70B /* Assets.xcassets in Resources */,
				28A37792224B0CB800F9B70B /* Main.storyboard in Resources */,
			);
			runOnlyForDeploymentPostprocessing = 0;
		};
/* End PBXResourcesBuildPhase section */

/* Begin PBXShellScriptBuildPhase section */
		896141653D6B2FE1B4E40156 /* [CP] Embed Pods Frameworks */ = {
			isa = PBXShellScriptBuildPhase;
			buildActionMask = 2147483647;
			files = (
			);
			inputPaths = (
				"${SRCROOT}/Pods/Target Support Files/Pods-CCQNews/Pods-CCQNews-frameworks.sh",
				"${BUILT_PRODUCTS_DIR}/AFNetworking/AFNetworking.framework",
				"${BUILT_PRODUCTS_DIR}/FDFullscreenPopGesture/FDFullscreenPopGesture.framework",
				"${BUILT_PRODUCTS_DIR}/IQKeyboardManager/IQKeyboardManager.framework",
				"${BUILT_PRODUCTS_DIR}/MBProgressHUD/MBProgressHUD.framework",
				"${BUILT_PRODUCTS_DIR}/MJRefresh/MJRefresh.framework",
				"${BUILT_PRODUCTS_DIR}/SDWebImage/SDWebImage.framework",
				"${BUILT_PRODUCTS_DIR}/YYModel/YYModel.framework",
				"${BUILT_PRODUCTS_DIR}/ZFPlayer/ZFPlayer.framework",
			);
			name = "[CP] Embed Pods Frameworks";
			outputPaths = (
				"${TARGET_BUILD_DIR}/${FRAMEWORKS_FOLDER_PATH}/AFNetworking.framework",
				"${TARGET_BUILD_DIR}/${FRAMEWORKS_FOLDER_PATH}/FDFullscreenPopGesture.framework",
				"${TARGET_BUILD_DIR}/${FRAMEWORKS_FOLDER_PATH}/IQKeyboardManager.framework",
				"${TARGET_BUILD_DIR}/${FRAMEWORKS_FOLDER_PATH}/MBProgressHUD.framework",
				"${TARGET_BUILD_DIR}/${FRAMEWORKS_FOLDER_PATH}/MJRefresh.framework",
				"${TARGET_BUILD_DIR}/${FRAMEWORKS_FOLDER_PATH}/SDWebImage.framework",
				"${TARGET_BUILD_DIR}/${FRAMEWORKS_FOLDER_PATH}/YYModel.framework",
				"${TARGET_BUILD_DIR}/${FRAMEWORKS_FOLDER_PATH}/ZFPlayer.framework",
			);
			runOnlyForDeploymentPostprocessing = 0;
			shellPath = /bin/sh;
			shellScript = "\"${SRCROOT}/Pods/Target Support Files/Pods-CCQNews/Pods-CCQNews-frameworks.sh\"\n";
			showEnvVarsInLog = 0;
		};
		DA316BEE686AF3CCCF6B60F8 /* [CP] Check Pods Manifest.lock */ = {
			isa = PBXShellScriptBuildPhase;
			buildActionMask = 2147483647;
			files = (
			);
			inputPaths = (
				"${PODS_PODFILE_DIR_PATH}/Podfile.lock",
				"${PODS_ROOT}/Manifest.lock",
			);
			name = "[CP] Check Pods Manifest.lock";
			outputPaths = (
				"$(DERIVED_FILE_DIR)/Pods-CCQNews-checkManifestLockResult.txt",
			);
			runOnlyForDeploymentPostprocessing = 0;
			shellPath = /bin/sh;
			shellScript = "diff \"${PODS_PODFILE_DIR_PATH}/Podfile.lock\" \"${PODS_ROOT}/Manifest.lock\" > /dev/null\nif [ $? != 0 ] ; then\n    # print error to STDERR\n    echo \"error: The sandbox is not in sync with the Podfile.lock. Run 'pod install' or update your CocoaPods installation.\" >&2\n    exit 1\nfi\n# This output is used by Xcode 'outputs' to avoid re-running this script phase.\necho \"SUCCESS\" > \"${SCRIPT_OUTPUT_FILE_0}\"\n";
			showEnvVarsInLog = 0;
		};
/* End PBXShellScriptBuildPhase section */

/* Begin PBXSourcesBuildPhase section */
		28A37785224B0CB800F9B70B /* Sources */ = {
			isa = PBXSourcesBuildPhase;
			buildActionMask = 2147483647;
			files = (
				283E164622584A80006EFDA3 /* CCQPersonalCenterCell.swift in Sources */,
				28A37824224B0F8800F9B70B /* UIView+CZAddition.m in Sources */,
				28A3783A224B224C00F9B70B /* CCQBaseNavigationVC.swift in Sources */,
				28A37830224B0F8800F9B70B /* UIBarButtonItem+Extensions.swift in Sources */,
				2891DF5122560B6E00C2F048 /* CCQTextJokesListCell.swift in Sources */,
				28A37828224B0F8800F9B70B /* NSString+CZPath.m in Sources */,
				28F7CB5C225B3CBD0035FBDE /* CCQAboutVC.swift in Sources */,
				28A37833224B0F8800F9B70B /* Date+Extensions.swift in Sources */,
				28A37823224B0F8800F9B70B /* UIColor+CZAddition.m in Sources */,
				28A37827224B0F8800F9B70B /* NSString+CZBase64.m in Sources */,
				28A37832224B0F8800F9B70B /* Bundle+Extensions.swift in Sources */,
				28F7CB61225B474B0035FBDE /* CCQFeedbackVC.swift in Sources */,
				28A37835224B0FFD00F9B70B /* AppDelegate.swift in Sources */,
				283E1657225A13B7006EFDA3 /* CCQSystemAlertView.m in Sources */,
				28A37826224B0F8800F9B70B /* UILabel+CZAddition.m in Sources */,
				28A3782A224B0F8800F9B70B /* NSObject+CZRuntime.m in Sources */,
				2891DF26224F18CA00C2F048 /* CCQURLSessionDataTask.swift in Sources */,
				28A3783B224B224C00F9B70B /* CCQBaseTabBarVC.swift in Sources */,
				28A3781C224B0F8700F9B70B /* CCQHomeViewController.swift in Sources */,
				28A3782B224B0F8800F9B70B /* UIViewController+CZAddition.m in Sources */,
				2891DF2D2252206D00C2F048 /* CCQTools.swift in Sources */,
				2891DF422254BB2D00C2F048 /* CCQNewsDetailVC.swift in Sources */,
				2891DF372253602200C2F048 /* CCQNewsListModel.swift in Sources */,
				283E164A22597C46006EFDA3 /* CCQUser.swift in Sources */,
				2891DF28225062EE00C2F048 /* CCQURLConfig.swift in Sources */,
				2891DF472255CFDB00C2F048 /* CCQHomeListCell.swift in Sources */,
				2891DF3A22536FAC00C2F048 /* NSObject+CCQModel.m in Sources */,
				28A37831224B0F8800F9B70B /* UIImageView+WebImage.swift in Sources */,
				283E1639225752D0006EFDA3 /* CCQCommonMacro.swift in Sources */,
				2878826B225C61EF0057E003 /* CCQVideoListCell.swift in Sources */,
				28A3783C224B224C00F9B70B /* CCQBaseViewController.swift in Sources */,
				28A3782D224B0F8800F9B70B /* NSAttributedString+CZAdditon.m in Sources */,
				28A3782F224B0F8800F9B70B /* UIImage+Extensions.swift in Sources */,
				2891DF592256E65C00C2F048 /* CCQVideosListVC.swift in Sources */,
				28A3782E224B0F8800F9B70B /* NSArray+Log.m in Sources */,
				2891DF24224F0DDC00C2F048 /* CCQHttpRequestManager.swift in Sources */,
				28A3781D224B0F8700F9B70B /* CCQDiscoverViewController.swift in Sources */,
				28A3782C224B0F8800F9B70B /* NSString+CZHash.m in Sources */,
				283E163F22583BDB006EFDA3 /* CCQPersonalCenterHeaderView.swift in Sources */,
				283E165322599889006EFDA3 /* CCQRegisterVC.swift in Sources */,
				283E163C2258332C006EFDA3 /* CCQPersonalCenterVC.swift in Sources */,
				28A37825224B0F8800F9B70B /* UIScreen+CZAddition.m in Sources */,
				28A37829224B0F8800F9B70B /* UIButton+CZAddition.m in Sources */,
				283E164E2259896D006EFDA3 /* CCQLoginVC.swift in Sources */,
				283E1659225A21C1006EFDA3 /* CCQWKWebView.swift in Sources */,
			);
			runOnlyForDeploymentPostprocessing = 0;
		};
/* End PBXSourcesBuildPhase section */

/* Begin PBXVariantGroup section */
		28A37790224B0CB800F9B70B /* Main.storyboard */ = {
			isa = PBXVariantGroup;
			children = (
				28A37791224B0CB800F9B70B /* Base */,
			);
			name = Main.storyboard;
			sourceTree = "<group>";
		};
/* End PBXVariantGroup section */

/* Begin XCBuildConfiguration section */
		28A37799224B0CBB00F9B70B /* Debug */ = {
			isa = XCBuildConfiguration;
			buildSettings = {
				ALWAYS_SEARCH_USER_PATHS = NO;
				CLANG_ANALYZER_NONNULL = YES;
				CLANG_ANALYZER_NUMBER_OBJECT_CONVERSION = YES_AGGRESSIVE;
				CLANG_CXX_LANGUAGE_STANDARD = "gnu++14";
				CLANG_CXX_LIBRARY = "libc++";
				CLANG_ENABLE_MODULES = YES;
				CLANG_ENABLE_OBJC_ARC = YES;
				CLANG_ENABLE_OBJC_WEAK = YES;
				CLANG_WARN_BLOCK_CAPTURE_AUTORELEASING = YES;
				CLANG_WARN_BOOL_CONVERSION = YES;
				CLANG_WARN_COMMA = YES;
				CLANG_WARN_CONSTANT_CONVERSION = YES;
				CLANG_WARN_DEPRECATED_OBJC_IMPLEMENTATIONS = YES;
				CLANG_WARN_DIRECT_OBJC_ISA_USAGE = YES_ERROR;
				CLANG_WARN_DOCUMENTATION_COMMENTS = YES;
				CLANG_WARN_EMPTY_BODY = YES;
				CLANG_WARN_ENUM_CONVERSION = YES;
				CLANG_WARN_INFINITE_RECURSION = YES;
				CLANG_WARN_INT_CONVERSION = YES;
				CLANG_WARN_NON_LITERAL_NULL_CONVERSION = YES;
				CLANG_WARN_OBJC_IMPLICIT_RETAIN_SELF = YES;
				CLANG_WARN_OBJC_LITERAL_CONVERSION = YES;
				CLANG_WARN_OBJC_ROOT_CLASS = YES_ERROR;
				CLANG_WARN_RANGE_LOOP_ANALYSIS = YES;
				CLANG_WARN_STRICT_PROTOTYPES = YES;
				CLANG_WARN_SUSPICIOUS_MOVE = YES;
				CLANG_WARN_UNGUARDED_AVAILABILITY = YES_AGGRESSIVE;
				CLANG_WARN_UNREACHABLE_CODE = YES;
				CLANG_WARN__DUPLICATE_METHOD_MATCH = YES;
				CODE_SIGN_IDENTITY = "iPhone Developer";
				COPY_PHASE_STRIP = NO;
				DEBUG_INFORMATION_FORMAT = dwarf;
				ENABLE_STRICT_OBJC_MSGSEND = YES;
				ENABLE_TESTABILITY = YES;
				GCC_C_LANGUAGE_STANDARD = gnu11;
				GCC_DYNAMIC_NO_PIC = NO;
				GCC_NO_COMMON_BLOCKS = YES;
				GCC_OPTIMIZATION_LEVEL = 0;
				GCC_PREPROCESSOR_DEFINITIONS = (
					"DEBUG=1",
					"$(inherited)",
				);
				GCC_WARN_64_TO_32_BIT_CONVERSION = YES;
				GCC_WARN_ABOUT_RETURN_TYPE = YES_ERROR;
				GCC_WARN_UNDECLARED_SELECTOR = YES;
				GCC_WARN_UNINITIALIZED_AUTOS = YES_AGGRESSIVE;
				GCC_WARN_UNUSED_FUNCTION = YES;
				GCC_WARN_UNUSED_VARIABLE = YES;
				IPHONEOS_DEPLOYMENT_TARGET = 12.1;
				MTL_ENABLE_DEBUG_INFO = INCLUDE_SOURCE;
				MTL_FAST_MATH = YES;
				ONLY_ACTIVE_ARCH = YES;
				SDKROOT = iphoneos;
				SWIFT_ACTIVE_COMPILATION_CONDITIONS = DEBUG;
				SWIFT_OPTIMIZATION_LEVEL = "-Onone";
			};
			name = Debug;
		};
		28A3779A224B0CBB00F9B70B /* Release */ = {
			isa = XCBuildConfiguration;
			buildSettings = {
				ALWAYS_SEARCH_USER_PATHS = NO;
				CLANG_ANALYZER_NONNULL = YES;
				CLANG_ANALYZER_NUMBER_OBJECT_CONVERSION = YES_AGGRESSIVE;
				CLANG_CXX_LANGUAGE_STANDARD = "gnu++14";
				CLANG_CXX_LIBRARY = "libc++";
				CLANG_ENABLE_MODULES = YES;
				CLANG_ENABLE_OBJC_ARC = YES;
				CLANG_ENABLE_OBJC_WEAK = YES;
				CLANG_WARN_BLOCK_CAPTURE_AUTORELEASING = YES;
				CLANG_WARN_BOOL_CONVERSION = YES;
				CLANG_WARN_COMMA = YES;
				CLANG_WARN_CONSTANT_CONVERSION = YES;
				CLANG_WARN_DEPRECATED_OBJC_IMPLEMENTATIONS = YES;
				CLANG_WARN_DIRECT_OBJC_ISA_USAGE = YES_ERROR;
				CLANG_WARN_DOCUMENTATION_COMMENTS = YES;
				CLANG_WARN_EMPTY_BODY = YES;
				CLANG_WARN_ENUM_CONVERSION = YES;
				CLANG_WARN_INFINITE_RECURSION = YES;
				CLANG_WARN_INT_CONVERSION = YES;
				CLANG_WARN_NON_LITERAL_NULL_CONVERSION = YES;
				CLANG_WARN_OBJC_IMPLICIT_RETAIN_SELF = YES;
				CLANG_WARN_OBJC_LITERAL_CONVERSION = YES;
				CLANG_WARN_OBJC_ROOT_CLASS = YES_ERROR;
				CLANG_WARN_RANGE_LOOP_ANALYSIS = YES;
				CLANG_WARN_STRICT_PROTOTYPES = YES;
				CLANG_WARN_SUSPICIOUS_MOVE = YES;
				CLANG_WARN_UNGUARDED_AVAILABILITY = YES_AGGRESSIVE;
				CLANG_WARN_UNREACHABLE_CODE = YES;
				CLANG_WARN__DUPLICATE_METHOD_MATCH = YES;
				CODE_SIGN_IDENTITY = "iPhone Developer";
				COPY_PHASE_STRIP = NO;
				DEBUG_INFORMATION_FORMAT = "dwarf-with-dsym";
				ENABLE_NS_ASSERTIONS = NO;
				ENABLE_STRICT_OBJC_MSGSEND = YES;
				GCC_C_LANGUAGE_STANDARD = gnu11;
				GCC_NO_COMMON_BLOCKS = YES;
				GCC_WARN_64_TO_32_BIT_CONVERSION = YES;
				GCC_WARN_ABOUT_RETURN_TYPE = YES_ERROR;
				GCC_WARN_UNDECLARED_SELECTOR = YES;
				GCC_WARN_UNINITIALIZED_AUTOS = YES_AGGRESSIVE;
				GCC_WARN_UNUSED_FUNCTION = YES;
				GCC_WARN_UNUSED_VARIABLE = YES;
				IPHONEOS_DEPLOYMENT_TARGET = 12.1;
				MTL_ENABLE_DEBUG_INFO = NO;
				MTL_FAST_MATH = YES;
				SDKROOT = iphoneos;
				SWIFT_COMPILATION_MODE = wholemodule;
				SWIFT_OPTIMIZATION_LEVEL = "-O";
				VALIDATE_PRODUCT = YES;
			};
			name = Release;
		};
		28A3779C224B0CBB00F9B70B /* Debug */ = {
			isa = XCBuildConfiguration;
			baseConfigurationReference = 9E728C7823296B10BAA651AB /* Pods-CCQNews.debug.xcconfig */;
			buildSettings = {
				ASSETCATALOG_COMPILER_APPICON_NAME = AppIcon;
				ASSETCATALOG_COMPILER_LAUNCHIMAGE_NAME = LaunchImage;
				CODE_SIGN_STYLE = Manual;
				DEVELOPMENT_TEAM = L9V37VTK48;
				INFOPLIST_FILE = CCQNews/Info.plist;
				IPHONEOS_DEPLOYMENT_TARGET = 11.0;
				LD_RUNPATH_SEARCH_PATHS = (
					"$(inherited)",
					"@executable_path/Frameworks",
				);
				PRODUCT_BUNDLE_IDENTIFIER = com.coldwellbanker.KeweiMobile;
				PRODUCT_NAME = "$(TARGET_NAME)";
				PROVISIONING_PROFILE_SPECIFIER = KeWeiMoblieDevelopment;
				SWIFT_OBJC_BRIDGING_HEADER = "CCQNews/News-Bridge.h";
				SWIFT_VERSION = 5.0;
				TARGETED_DEVICE_FAMILY = 1;
			};
			name = Debug;
		};
		28A3779D224B0CBB00F9B70B /* Release */ = {
			isa = XCBuildConfiguration;
			baseConfigurationReference = 4F09BE672E561ABEB47DC80F /* Pods-CCQNews.release.xcconfig */;
			buildSettings = {
				ASSETCATALOG_COMPILER_APPICON_NAME = AppIcon;
				ASSETCATALOG_COMPILER_LAUNCHIMAGE_NAME = LaunchImage;
				CODE_SIGN_IDENTITY = "iPhone Distribution";
				CODE_SIGN_STYLE = Manual;
				DEVELOPMENT_TEAM = L9V37VTK48;
				INFOPLIST_FILE = CCQNews/Info.plist;
				IPHONEOS_DEPLOYMENT_TARGET = 11.0;
				LD_RUNPATH_SEARCH_PATHS = (
					"$(inherited)",
					"@executable_path/Frameworks",
				);
				PRODUCT_BUNDLE_IDENTIFIER = com.coldwellbanker.KeweiMobile;
				PRODUCT_NAME = "$(TARGET_NAME)";
				PROVISIONING_PROFILE_SPECIFIER = KeWeiMoblieDistribution;
				SWIFT_OBJC_BRIDGING_HEADER = "CCQNews/News-Bridge.h";
				SWIFT_VERSION = 5.0;
				TARGETED_DEVICE_FAMILY = 1;
			};
			name = Release;
		};
/* End XCBuildConfiguration section */

/* Begin XCConfigurationList section */
		28A37784224B0CB800F9B70B /* Build configuration list for PBXProject "CCQNews" */ = {
			isa = XCConfigurationList;
			buildConfigurations = (
				28A37799224B0CBB00F9B70B /* Debug */,
				28A3779A224B0CBB00F9B70B /* Release */,
			);
			defaultConfigurationIsVisible = 0;
			defaultConfigurationName = Release;
		};
		28A3779B224B0CBB00F9B70B /* Build configuration list for PBXNativeTarget "CCQNews" */ = {
			isa = XCConfigurationList;
			buildConfigurations = (
				28A3779C224B0CBB00F9B70B /* Debug */,
				28A3779D224B0CBB00F9B70B /* Release */,
			);
			defaultConfigurationIsVisible = 0;
			defaultConfigurationName = Release;
		};
/* End XCConfigurationList section */
	};
	rootObject = 28A37781224B0CB800F9B70B /* Project object */;
}
